
Microsoft Visual Studio Solution File, Format Version 12.00
# Visual Studio Version 17
VisualStudioVersion = 17.9.34607.119
MinimumVisualStudioVersion = 10.0.40219.1
Project("{FAE04EC0-301F-11D3-BF4B-00C04F79EFBC}") = "CSharp_Fastfood.Terminal", "CSharp_Fastfood.Terminal\CSharp_Fastfood.Terminal.csproj", "{8399C31D-21C2-42EE-8625-93A7A9EF048C}"
EndProject
Project("{FAE04EC0-301F-11D3-BF4B-00C04F79EFBC}") = "CSharp_Fastfood.Tests", "CSharp_Fastfood.Tests\CSharp_Fastfood.Tests.csproj", "{6FF0E32D-4EBA-4AFB-8379-C8BCB6CEF3BF}"
EndProject
Global
	GlobalSection(SolutionConfigurationPlatforms) = preSolution
		Debug|Any CPU = Debug|Any CPU
		Release|Any CPU = Release|Any CPU
	EndGlobalSection
	GlobalSection(ProjectConfigurationPlatforms) = postSolution
		{8399C31D-21C2-42EE-8625-93A7A9EF048C}.Debug|Any CPU.ActiveCfg = Debug|Any CPU
		{8399C31D-21C2-42EE-8625-93A7A9EF048C}.Debug|Any CPU.Build.0 = Debug|Any CPU
		{8399C31D-21C2-42EE-8625-93A7A9EF048C}.Release|Any CPU.ActiveCfg = Release|Any CPU
		{8399C31D-21C2-42EE-8625-93A7A9EF048C}.Release|Any CPU.Build.0 = Release|Any CPU
		{6FF0E32D-4EBA-4AFB-8379-C8BCB6CEF3BF}.Debug|Any CPU.ActiveCfg = Debug|Any CPU
		{6FF0E32D-4EBA-4AFB-8379-C8BCB6CEF3BF}.Debug|Any CPU.Build.0 = Debug|Any CPU
		{6FF0E32D-4EBA-4AFB-8379-C8BCB6CEF3BF}.Release|Any CPU.ActiveCfg = Release|Any CPU
		{6FF0E32D-4EBA-4AFB-8379-C8BCB6CEF3BF}.Release|Any CPU.Build.0 = Release|Any CPU
	EndGlobalSection
	GlobalSection(SolutionProperties) = preSolution
		HideSolutionNode = FALSE
	EndGlobalSection
	GlobalSection(ExtensibilityGlobals) = postSolution
		SolutionGuid = {98A0ADE3-676B-4ACE-9180-3015C0DA676E}
	EndGlobalSection
EndGlobal
